// !$*UTF8*$!
{
	archiveVersion = 1;
	classes = {
	};
	objectVersion = 51;
	objects = {

/* Begin PBXBuildFile section */
		12DB1DF447FC034B881BD0B3 /* Pods_MyPlaces.framework in Frameworks */ = {isa = PBXBuildFile; fileRef = 865C888243D002DC88EB5961 /* Pods_MyPlaces.framework */; };
		A80E82692588A14300D0D683 /* MapViewController.swift in Sources */ = {isa = PBXBuildFile; fileRef = A80E82682588A14300D0D683 /* MapViewController.swift */; };
		A820C08625810784008EF925 /* DetailViewController + ImagePickerController.swift in Sources */ = {isa = PBXBuildFile; fileRef = A820C08525810784008EF925 /* DetailViewController + ImagePickerController.swift */; };
		A83105162502576200604086 /* AppDelegate.swift in Sources */ = {isa = PBXBuildFile; fileRef = A83105152502576200604086 /* AppDelegate.swift */; };
		A83105182502576200604086 /* SceneDelegate.swift in Sources */ = {isa = PBXBuildFile; fileRef = A83105172502576200604086 /* SceneDelegate.swift */; };
		A831051A2502576200604086 /* ListViewController.swift in Sources */ = {isa = PBXBuildFile; fileRef = A83105192502576200604086 /* ListViewController.swift */; };
		A831051F2502576500604086 /* Assets.xcassets in Resources */ = {isa = PBXBuildFile; fileRef = A831051E2502576500604086 /* Assets.xcassets */; };
		A831052E25028C0500604086 /* Place.swift in Sources */ = {isa = PBXBuildFile; fileRef = A831052D25028C0500604086 /* Place.swift */; };
		A831053025029FC600604086 /* ListTableViewCell.swift in Sources */ = {isa = PBXBuildFile; fileRef = A831052F25029FC600604086 /* ListTableViewCell.swift */; };
		A84D9A3D2514E0120024328C /* StorageManager.swift in Sources */ = {isa = PBXBuildFile; fileRef = A84D9A3C2514E0120024328C /* StorageManager.swift */; };
		A87B362526272AAB005C2720 /* DetailViewController + ActivityViewController.swift in Sources */ = {isa = PBXBuildFile; fileRef = A87B362426272AAB005C2720 /* DetailViewController + ActivityViewController.swift */; };
		A8822D6E25882F0500A8F37D /* LaunchScreen.storyboard in Resources */ = {isa = PBXBuildFile; fileRef = A83105202502576500604086 /* LaunchScreen.storyboard */; };
		A88CD5B62578DFC9001E1B9A /* DetailViewController.swift in Sources */ = {isa = PBXBuildFile; fileRef = A88CD5B52578DFC9001E1B9A /* DetailViewController.swift */; };
		A88CD5BA2579300A001E1B9A /* DetailInputTabelViewCell.swift in Sources */ = {isa = PBXBuildFile; fileRef = A88CD5B92579300A001E1B9A /* DetailInputTabelViewCell.swift */; };
		A8A510432588EAD30084EC9A /* DetailViewController + MapViewController.swift in Sources */ = {isa = PBXBuildFile; fileRef = A8A510422588EAD30084EC9A /* DetailViewController + MapViewController.swift */; };
		A8E8A6EC2587450800E53150 /* DetailImageTabelViewCell.swift in Sources */ = {isa = PBXBuildFile; fileRef = A8E8A6EB2587450800E53150 /* DetailImageTabelViewCell.swift */; };
		A8E8A6F82587557C00E53150 /* DetailViewController + AlertController.swift in Sources */ = {isa = PBXBuildFile; fileRef = A8E8A6F72587557C00E53150 /* DetailViewController + AlertController.swift */; };
		A8EF37E025C6B8FE003737CA /* ShadowView.swift in Sources */ = {isa = PBXBuildFile; fileRef = A8EF37DF25C6B8FE003737CA /* ShadowView.swift */; };
/* End PBXBuildFile section */

/* Begin PBXFileReference section */
		00FA169A3BCF446994F62319 /* Pods-MyPlaces.debug.xcconfig */ = {isa = PBXFileReference; includeInIndex = 1; lastKnownFileType = text.xcconfig; name = "Pods-MyPlaces.debug.xcconfig"; path = "Target Support Files/Pods-MyPlaces/Pods-MyPlaces.debug.xcconfig"; sourceTree = "<group>"; };
		865C888243D002DC88EB5961 /* Pods_MyPlaces.framework */ = {isa = PBXFileReference; explicitFileType = wrapper.framework; includeInIndex = 0; path = Pods_MyPlaces.framework; sourceTree = BUILT_PRODUCTS_DIR; };
		A80E82682588A14300D0D683 /* MapViewController.swift */ = {isa = PBXFileReference; lastKnownFileType = sourcecode.swift; path = MapViewController.swift; sourceTree = "<group>"; };
		A820C08525810784008EF925 /* DetailViewController + ImagePickerController.swift */ = {isa = PBXFileReference; lastKnownFileType = sourcecode.swift; path = "DetailViewController + ImagePickerController.swift"; sourceTree = "<group>"; };
		A83105122502576200604086 /* MyPlaces.app */ = {isa = PBXFileReference; explicitFileType = wrapper.application; includeInIndex = 0; path = MyPlaces.app; sourceTree = BUILT_PRODUCTS_DIR; };
		A83105152502576200604086 /* AppDelegate.swift */ = {isa = PBXFileReference; lastKnownFileType = sourcecode.swift; path = AppDelegate.swift; sourceTree = "<group>"; };
		A83105172502576200604086 /* SceneDelegate.swift */ = {isa = PBXFileReference; lastKnownFileType = sourcecode.swift; path = SceneDelegate.swift; sourceTree = "<group>"; };
		A83105192502576200604086 /* ListViewController.swift */ = {isa = PBXFileReference; lastKnownFileType = sourcecode.swift; path = ListViewController.swift; sourceTree = "<group>"; };
		A831051E2502576500604086 /* Assets.xcassets */ = {isa = PBXFileReference; lastKnownFileType = folder.assetcatalog; path = Assets.xcassets; sourceTree = "<group>"; };
		A83105212502576500604086 /* Base */ = {isa = PBXFileReference; lastKnownFileType = file.storyboard; name = Base; path = Base.lproj/LaunchScreen.storyboard; sourceTree = "<group>"; };
		A83105232502576500604086 /* Info.plist */ = {isa = PBXFileReference; lastKnownFileType = text.plist.xml; path = Info.plist; sourceTree = "<group>"; };
		A831052D25028C0500604086 /* Place.swift */ = {isa = PBXFileReference; lastKnownFileType = sourcecode.swift; path = Place.swift; sourceTree = "<group>"; };
		A831052F25029FC600604086 /* ListTableViewCell.swift */ = {isa = PBXFileReference; lastKnownFileType = sourcecode.swift; path = ListTableViewCell.swift; sourceTree = "<group>"; };
		A84D9A3C2514E0120024328C /* StorageManager.swift */ = {isa = PBXFileReference; lastKnownFileType = sourcecode.swift; path = StorageManager.swift; sourceTree = "<group>"; };
		A87B362426272AAB005C2720 /* DetailViewController + ActivityViewController.swift */ = {isa = PBXFileReference; lastKnownFileType = sourcecode.swift; path = "DetailViewController + ActivityViewController.swift"; sourceTree = "<group>"; };
		A88CD5B52578DFC9001E1B9A /* DetailViewController.swift */ = {isa = PBXFileReference; lastKnownFileType = sourcecode.swift; path = DetailViewController.swift; sourceTree = "<group>"; };
		A88CD5B92579300A001E1B9A /* DetailInputTabelViewCell.swift */ = {isa = PBXFileReference; lastKnownFileType = sourcecode.swift; path = DetailInputTabelViewCell.swift; sourceTree = "<group>"; };
		A8A510422588EAD30084EC9A /* DetailViewController + MapViewController.swift */ = {isa = PBXFileReference; lastKnownFileType = sourcecode.swift; path = "DetailViewController + MapViewController.swift"; sourceTree = "<group>"; };
		A8E8A6EB2587450800E53150 /* DetailImageTabelViewCell.swift */ = {isa = PBXFileReference; lastKnownFileType = sourcecode.swift; path = DetailImageTabelViewCell.swift; sourceTree = "<group>"; };
		A8E8A6F72587557C00E53150 /* DetailViewController + AlertController.swift */ = {isa = PBXFileReference; lastKnownFileType = sourcecode.swift; path = "DetailViewController + AlertController.swift"; sourceTree = "<group>"; };
		A8EF37DF25C6B8FE003737CA /* ShadowView.swift */ = {isa = PBXFileReference; lastKnownFileType = sourcecode.swift; path = ShadowView.swift; sourceTree = "<group>"; };
		DB1EAA84201DEE2495316785 /* Pods-MyPlaces.release.xcconfig */ = {isa = PBXFileReference; includeInIndex = 1; lastKnownFileType = text.xcconfig; name = "Pods-MyPlaces.release.xcconfig"; path = "Target Support Files/Pods-MyPlaces/Pods-MyPlaces.release.xcconfig"; sourceTree = "<group>"; };
/* End PBXFileReference section */

/* Begin PBXFrameworksBuildPhase section */
		A831050F2502576200604086 /* Frameworks */ = {
			isa = PBXFrameworksBuildPhase;
			buildActionMask = 2147483647;
			files = (
				12DB1DF447FC034B881BD0B3 /* Pods_MyPlaces.framework in Frameworks */,
			);
			runOnlyForDeploymentPostprocessing = 0;
		};
/* End PBXFrameworksBuildPhase section */

/* Begin PBXGroup section */
		00EDB410F1782841018718C1 /* Pods */ = {
			isa = PBXGroup;
			children = (
				00FA169A3BCF446994F62319 /* Pods-MyPlaces.debug.xcconfig */,
				DB1EAA84201DEE2495316785 /* Pods-MyPlaces.release.xcconfig */,
			);
			path = Pods;
			sourceTree = "<group>";
		};
		7FB4DCA30C87F03F18C863DF /* Frameworks */ = {
			isa = PBXGroup;
			children = (
				865C888243D002DC88EB5961 /* Pods_MyPlaces.framework */,
			);
			name = Frameworks;
			sourceTree = "<group>";
		};
		A80E826C2588BF5200D0D683 /* ListViewController */ = {
			isa = PBXGroup;
			children = (
				A83105192502576200604086 /* ListViewController.swift */,
			);
			path = ListViewController;
			sourceTree = "<group>";
		};
		A83105092502576200604086 = {
			isa = PBXGroup;
			children = (
				A83105142502576200604086 /* MyPlaces */,
				00EDB410F1782841018718C1 /* Pods */,
				7FB4DCA30C87F03F18C863DF /* Frameworks */,
			);
			sourceTree = "<group>";
		};
		A83105132502576200604086 /* Products */ = {
			isa = PBXGroup;
			children = (
				A83105122502576200604086 /* MyPlaces.app */,
			);
			name = Products;
			path = ..;
			sourceTree = "<group>";
		};
		A83105142502576200604086 /* MyPlaces */ = {
			isa = PBXGroup;
			children = (
				A87EF5A12587EA080087226A /* Manager */,
				A87EF5992587E4A30087226A /* Model */,
				A87EF59D2587E5000087226A /* View */,
				A87EF59A2587E4B50087226A /* Controllers */,
				A83105152502576200604086 /* AppDelegate.swift */,
				A83105172502576200604086 /* SceneDelegate.swift */,
				A83105202502576500604086 /* LaunchScreen.storyboard */,
				A831051E2502576500604086 /* Assets.xcassets */,
				A83105232502576500604086 /* Info.plist */,
				A83105132502576200604086 /* Products */,
			);
			path = MyPlaces;
			sourceTree = "<group>";
		};
		A87EF5992587E4A30087226A /* Model */ = {
			isa = PBXGroup;
			children = (
				A831052D25028C0500604086 /* Place.swift */,
			);
			path = Model;
			sourceTree = "<group>";
		};
		A87EF59A2587E4B50087226A /* Controllers */ = {
			isa = PBXGroup;
			children = (
				A80E826C2588BF5200D0D683 /* ListViewController */,
				A87EF59C2587E4DE0087226A /* DetailViewController */,
				A87EF59B2587E4BF0087226A /* MapViewController */,
			);
			path = Controllers;
			sourceTree = "<group>";
		};
		A87EF59B2587E4BF0087226A /* MapViewController */ = {
			isa = PBXGroup;
			children = (
				A80E82682588A14300D0D683 /* MapViewController.swift */,
			);
			path = MapViewController;
			sourceTree = "<group>";
		};
		A87EF59C2587E4DE0087226A /* DetailViewController */ = {
			isa = PBXGroup;
			children = (
				A88CD5B52578DFC9001E1B9A /* DetailViewController.swift */,
				A8E8A6F72587557C00E53150 /* DetailViewController + AlertController.swift */,
				A820C08525810784008EF925 /* DetailViewController + ImagePickerController.swift */,
				A8A510422588EAD30084EC9A /* DetailViewController + MapViewController.swift */,
				A87B362426272AAB005C2720 /* DetailViewController + ActivityViewController.swift */,
			);
			path = DetailViewController;
			sourceTree = "<group>";
		};
		A87EF59D2587E5000087226A /* View */ = {
			isa = PBXGroup;
			children = (
				A831052F25029FC600604086 /* ListTableViewCell.swift */,
				A88CD5B92579300A001E1B9A /* DetailInputTabelViewCell.swift */,
				A8E8A6EB2587450800E53150 /* DetailImageTabelViewCell.swift */,
				A8EF37DF25C6B8FE003737CA /* ShadowView.swift */,
			);
			path = View;
			sourceTree = "<group>";
		};
		A87EF5A12587EA080087226A /* Manager */ = {
			isa = PBXGroup;
			children = (
				A84D9A3C2514E0120024328C /* StorageManager.swift */,
			);
			path = Manager;
			sourceTree = "<group>";
		};
/* End PBXGroup section */

/* Begin PBXNativeTarget section */
		A83105112502576200604086 /* MyPlaces */ = {
			isa = PBXNativeTarget;
			buildConfigurationList = A83105262502576500604086 /* Build configuration list for PBXNativeTarget "MyPlaces" */;
			buildPhases = (
				7A26332BB51C63DEA0B4B499 /* [CP] Check Pods Manifest.lock */,
				A831050E2502576200604086 /* Sources */,
				A831050F2502576200604086 /* Frameworks */,
				A83105102502576200604086 /* Resources */,
				DE1CB5AAFB200DD1B6ED4D71 /* [CP] Embed Pods Frameworks */,
			);
			buildRules = (
			);
			dependencies = (
			);
			name = MyPlaces;
			productName = MyPlaces;
			productReference = A83105122502576200604086 /* MyPlaces.app */;
			productType = "com.apple.product-type.application";
		};
/* End PBXNativeTarget section */

/* Begin PBXProject section */
		A831050A2502576200604086 /* Project object */ = {
			isa = PBXProject;
			attributes = {
				LastSwiftUpdateCheck = 1160;
				LastUpgradeCheck = 1200;
				ORGANIZATIONNAME = Alexandr;
				TargetAttributes = {
					A83105112502576200604086 = {
						CreatedOnToolsVersion = 11.6;
					};
				};
			};
			buildConfigurationList = A831050D2502576200604086 /* Build configuration list for PBXProject "MyPlaces" */;
			compatibilityVersion = "Xcode 9.3";
			developmentRegion = en;
			hasScannedForEncodings = 0;
			knownRegions = (
				en,
				Base,
			);
			mainGroup = A83105092502576200604086;
			productRefGroup = A83105132502576200604086 /* Products */;
			projectDirPath = "";
			projectRoot = "";
			targets = (
				A83105112502576200604086 /* MyPlaces */,
			);
		};
/* End PBXProject section */

/* Begin PBXResourcesBuildPhase section */
		A83105102502576200604086 /* Resources */ = {
			isa = PBXResourcesBuildPhase;
			buildActionMask = 2147483647;
			files = (
				A831051F2502576500604086 /* Assets.xcassets in Resources */,
				A8822D6E25882F0500A8F37D /* LaunchScreen.storyboard in Resources */,
			);
			runOnlyForDeploymentPostprocessing = 0;
		};
/* End PBXResourcesBuildPhase section */

/* Begin PBXShellScriptBuildPhase section */
		7A26332BB51C63DEA0B4B499 /* [CP] Check Pods Manifest.lock */ = {
			isa = PBXShellScriptBuildPhase;
			buildActionMask = 2147483647;
			files = (
			);
			inputFileListPaths = (
			);
			inputPaths = (
				"${PODS_PODFILE_DIR_PATH}/Podfile.lock",
				"${PODS_ROOT}/Manifest.lock",
			);
			name = "[CP] Check Pods Manifest.lock";
			outputFileListPaths = (
			);
			outputPaths = (
				"$(DERIVED_FILE_DIR)/Pods-MyPlaces-checkManifestLockResult.txt",
			);
			runOnlyForDeploymentPostprocessing = 0;
			shellPath = /bin/sh;
			shellScript = "diff \"${PODS_PODFILE_DIR_PATH}/Podfile.lock\" \"${PODS_ROOT}/Manifest.lock\" > /dev/null\nif [ $? != 0 ] ; then\n    # print error to STDERR\n    echo \"error: The sandbox is not in sync with the Podfile.lock. Run 'pod install' or update your CocoaPods installation.\" >&2\n    exit 1\nfi\n# This output is used by Xcode 'outputs' to avoid re-running this script phase.\necho \"SUCCESS\" > \"${SCRIPT_OUTPUT_FILE_0}\"\n";
			showEnvVarsInLog = 0;
		};
		DE1CB5AAFB200DD1B6ED4D71 /* [CP] Embed Pods Frameworks */ = {
			isa = PBXShellScriptBuildPhase;
			buildActionMask = 2147483647;
			files = (
			);
			inputFileListPaths = (
				"${PODS_ROOT}/Target Support Files/Pods-MyPlaces/Pods-MyPlaces-frameworks-${CONFIGURATION}-input-files.xcfilelist",
			);
			name = "[CP] Embed Pods Frameworks";
			outputFileListPaths = (
				"${PODS_ROOT}/Target Support Files/Pods-MyPlaces/Pods-MyPlaces-frameworks-${CONFIGURATION}-output-files.xcfilelist",
			);
			runOnlyForDeploymentPostprocessing = 0;
			shellPath = /bin/sh;
			shellScript = "\"${PODS_ROOT}/Target Support Files/Pods-MyPlaces/Pods-MyPlaces-frameworks.sh\"\n";
			showEnvVarsInLog = 0;
		};
/* End PBXShellScriptBuildPhase section */

/* Begin PBXSourcesBuildPhase section */
		A831050E2502576200604086 /* Sources */ = {
			isa = PBXSourcesBuildPhase;
			buildActionMask = 2147483647;
			files = (
				A831052E25028C0500604086 /* Place.swift in Sources */,
				A8E8A6EC2587450800E53150 /* DetailImageTabelViewCell.swift in Sources */,
				A831053025029FC600604086 /* ListTableViewCell.swift in Sources */,
				A820C08625810784008EF925 /* DetailViewController + ImagePickerController.swift in Sources */,
				A88CD5BA2579300A001E1B9A /* DetailInputTabelViewCell.swift in Sources */,
				A831051A2502576200604086 /* ListViewController.swift in Sources */,
				A8EF37E025C6B8FE003737CA /* ShadowView.swift in Sources */,
				A80E82692588A14300D0D683 /* MapViewController.swift in Sources */,
				A83105162502576200604086 /* AppDelegate.swift in Sources */,
				A83105182502576200604086 /* SceneDelegate.swift in Sources */,
				A8E8A6F82587557C00E53150 /* DetailViewController + AlertController.swift in Sources */,
				A8A510432588EAD30084EC9A /* DetailViewController + MapViewController.swift in Sources */,
				A87B362526272AAB005C2720 /* DetailViewController + ActivityViewController.swift in Sources */,
				A88CD5B62578DFC9001E1B9A /* DetailViewController.swift in Sources */,
				A84D9A3D2514E0120024328C /* StorageManager.swift in Sources */,
			);
			runOnlyForDeploymentPostprocessing = 0;
		};
/* End PBXSourcesBuildPhase section */

/* Begin PBXVariantGroup section */
		A83105202502576500604086 /* LaunchScreen.storyboard */ = {
			isa = PBXVariantGroup;
			children = (
				A83105212502576500604086 /* Base */,
			);
			name = LaunchScreen.storyboard;
			sourceTree = "<group>";
		};
/* End PBXVariantGroup section */

/* Begin XCBuildConfiguration section */
		A83105242502576500604086 /* Debug */ = {
			isa = XCBuildConfiguration;
			buildSettings = {
				ALWAYS_SEARCH_USER_PATHS = NO;
				CLANG_ANALYZER_NONNULL = YES;
				CLANG_ANALYZER_NUMBER_OBJECT_CONVERSION = YES_AGGRESSIVE;
				CLANG_CXX_LANGUAGE_STANDARD = "gnu++14";
				CLANG_CXX_LIBRARY = "libc++";
				CLANG_ENABLE_MODULES = YES;
				CLANG_ENABLE_OBJC_ARC = YES;
				CLANG_ENABLE_OBJC_WEAK = YES;
				CLANG_WARN_BLOCK_CAPTURE_AUTORELEASING = YES;
				CLANG_WARN_BOOL_CONVERSION = YES;
				CLANG_WARN_COMMA = YES;
				CLANG_WARN_CONSTANT_CONVERSION = YES;
				CLANG_WARN_DEPRECATED_OBJC_IMPLEMENTATIONS = YES;
				CLANG_WARN_DIRECT_OBJC_ISA_USAGE = YES_ERROR;
				CLANG_WARN_DOCUMENTATION_COMMENTS = YES;
				CLANG_WARN_EMPTY_BODY = YES;
				CLANG_WARN_ENUM_CONVERSION = YES;
				CLANG_WARN_INFINITE_RECURSION = YES;
				CLANG_WARN_INT_CONVERSION = YES;
				CLANG_WARN_NON_LITERAL_NULL_CONVERSION = YES;
				CLANG_WARN_OBJC_IMPLICIT_RETAIN_SELF = YES;
				CLANG_WARN_OBJC_LITERAL_CONVERSION = YES;
				CLANG_WARN_OBJC_ROOT_CLASS = YES_ERROR;
				CLANG_WARN_QUOTED_INCLUDE_IN_FRAMEWORK_HEADER = YES;
				CLANG_WARN_RANGE_LOOP_ANALYSIS = YES;
				CLANG_WARN_STRICT_PROTOTYPES = YES;
				CLANG_WARN_SUSPICIOUS_MOVE = YES;
				CLANG_WARN_UNGUARDED_AVAILABILITY = YES_AGGRESSIVE;
				CLANG_WARN_UNREACHABLE_CODE = YES;
				CLANG_WARN__DUPLICATE_METHOD_MATCH = YES;
				COPY_PHASE_STRIP = NO;
				DEBUG_INFORMATION_FORMAT = dwarf;
				ENABLE_STRICT_OBJC_MSGSEND = YES;
				ENABLE_TESTABILITY = YES;
				GCC_C_LANGUAGE_STANDARD = gnu11;
				GCC_DYNAMIC_NO_PIC = NO;
				GCC_NO_COMMON_BLOCKS = YES;
				GCC_OPTIMIZATION_LEVEL = 0;
				GCC_PREPROCESSOR_DEFINITIONS = (
					"DEBUG=1",
					"$(inherited)",
				);
				GCC_WARN_64_TO_32_BIT_CONVERSION = YES;
				GCC_WARN_ABOUT_RETURN_TYPE = YES_ERROR;
				GCC_WARN_UNDECLARED_SELECTOR = YES;
				GCC_WARN_UNINITIALIZED_AUTOS = YES_AGGRESSIVE;
				GCC_WARN_UNUSED_FUNCTION = YES;
				GCC_WARN_UNUSED_VARIABLE = YES;
				IPHONEOS_DEPLOYMENT_TARGET = 14.0;
				MTL_ENABLE_DEBUG_INFO = INCLUDE_SOURCE;
				MTL_FAST_MATH = YES;
				ONLY_ACTIVE_ARCH = YES;
				SDKROOT = iphoneos;
				SWIFT_ACTIVE_COMPILATION_CONDITIONS = DEBUG;
				SWIFT_OPTIMIZATION_LEVEL = "-Onone";
			};
			name = Debug;
		};
		A83105252502576500604086 /* Release */ = {
			isa = XCBuildConfiguration;
			buildSettings = {
				ALWAYS_SEARCH_USER_PATHS = NO;
				CLANG_ANALYZER_NONNULL = YES;
				CLANG_ANALYZER_NUMBER_OBJECT_CONVERSION = YES_AGGRESSIVE;
				CLANG_CXX_LANGUAGE_STANDARD = "gnu++14";
				CLANG_CXX_LIBRARY = "libc++";
				CLANG_ENABLE_MODULES = YES;
				CLANG_ENABLE_OBJC_ARC = YES;
				CLANG_ENABLE_OBJC_WEAK = YES;
				CLANG_WARN_BLOCK_CAPTURE_AUTORELEASING = YES;
				CLANG_WARN_BOOL_CONVERSION = YES;
				CLANG_WARN_COMMA = YES;
				CLANG_WARN_CONSTANT_CONVERSION = YES;
				CLANG_WARN_DEPRECATED_OBJC_IMPLEMENTATIONS = YES;
				CLANG_WARN_DIRECT_OBJC_ISA_USAGE = YES_ERROR;
				CLANG_WARN_DOCUMENTATION_COMMENTS = YES;
				CLANG_WARN_EMPTY_BODY = YES;
				CLANG_WARN_ENUM_CONVERSION = YES;
				CLANG_WARN_INFINITE_RECURSION = YES;
				CLANG_WARN_INT_CONVERSION = YES;
				CLANG_WARN_NON_LITERAL_NULL_CONVERSION = YES;
				CLANG_WARN_OBJC_IMPLICIT_RETAIN_SELF = YES;
				CLANG_WARN_OBJC_LITERAL_CONVERSION = YES;
				CLANG_WARN_OBJC_ROOT_CLASS = YES_ERROR;
				CLANG_WARN_QUOTED_INCLUDE_IN_FRAMEWORK_HEADER = YES;
				CLANG_WARN_RANGE_LOOP_ANALYSIS = YES;
				CLANG_WARN_STRICT_PROTOTYPES = YES;
				CLANG_WARN_SUSPICIOUS_MOVE = YES;
				CLANG_WARN_UNGUARDED_AVAILABILITY = YES_AGGRESSIVE;
				CLANG_WARN_UNREACHABLE_CODE = YES;
				CLANG_WARN__DUPLICATE_METHOD_MATCH = YES;
				COPY_PHASE_STRIP = NO;
				DEBUG_INFORMATION_FORMAT = "dwarf-with-dsym";
				ENABLE_NS_ASSERTIONS = NO;
				ENABLE_STRICT_OBJC_MSGSEND = YES;
				GCC_C_LANGUAGE_STANDARD = gnu11;
				GCC_NO_COMMON_BLOCKS = YES;
				GCC_WARN_64_TO_32_BIT_CONVERSION = YES;
				GCC_WARN_ABOUT_RETURN_TYPE = YES_ERROR;
				GCC_WARN_UNDECLARED_SELECTOR = YES;
				GCC_WARN_UNINITIALIZED_AUTOS = YES_AGGRESSIVE;
				GCC_WARN_UNUSED_FUNCTION = YES;
				GCC_WARN_UNUSED_VARIABLE = YES;
				IPHONEOS_DEPLOYMENT_TARGET = 14.0;
				MTL_ENABLE_DEBUG_INFO = NO;
				MTL_FAST_MATH = YES;
				SDKROOT = iphoneos;
				SWIFT_COMPILATION_MODE = wholemodule;
				SWIFT_OPTIMIZATION_LEVEL = "-O";
				VALIDATE_PRODUCT = YES;
			};
			name = Release;
		};
		A83105272502576500604086 /* Debug */ = {
			isa = XCBuildConfiguration;
			baseConfigurationReference = 00FA169A3BCF446994F62319 /* Pods-MyPlaces.debug.xcconfig */;
			buildSettings = {
				ASSETCATALOG_COMPILER_APPICON_NAME = AppIcon;
				CODE_SIGN_STYLE = Automatic;
				DEVELOPMENT_TEAM = U8Z4KVJ957;
				INFOPLIST_FILE = MyPlaces/Info.plist;
				LD_RUNPATH_SEARCH_PATHS = (
					"$(inherited)",
					"@executable_path/Frameworks",
				);
				PRODUCT_BUNDLE_IDENTIFIER = Alexandr.MyPlaces;
				PRODUCT_NAME = "$(TARGET_NAME)";
				SWIFT_VERSION = 5.0;
				TARGETED_DEVICE_FAMILY = "1,2";
			};
			name = Debug;
		};
		A83105282502576500604086 /* Release */ = {
			isa = XCBuildConfiguration;
			baseConfigurationReference = DB1EAA84201DEE2495316785 /* Pods-MyPlaces.release.xcconfig */;
			buildSettings = {
				ASSETCATALOG_COMPILER_APPICON_NAME = AppIcon;
				CODE_SIGN_STYLE = Automatic;
				DEVELOPMENT_TEAM = U8Z4KVJ957;
				INFOPLIST_FILE = MyPlaces/Info.plist;
				LD_RUNPATH_SEARCH_PATHS = (
					"$(inherited)",
					"@executable_path/Frameworks",
				);
				PRODUCT_BUNDLE_IDENTIFIER = Alexandr.MyPlaces;
				PRODUCT_NAME = "$(TARGET_NAME)";
				SWIFT_VERSION = 5.0;
				TARGETED_DEVICE_FAMILY = "1,2";
			};
			name = Release;
		};
/* End XCBuildConfiguration section */

/* Begin XCConfigurationList section */
		A831050D2502576200604086 /* Build configuration list for PBXProject "MyPlaces" */ = {
			isa = XCConfigurationList;
			buildConfigurations = (
				A83105242502576500604086 /* Debug */,
				A83105252502576500604086 /* Release */,
			);
			defaultConfigurationIsVisible = 0;
			defaultConfigurationName = Release;
		};
		A83105262502576500604086 /* Build configuration list for PBXNativeTarget "MyPlaces" */ = {
			isa = XCConfigurationList;
			buildConfigurations = (
				A83105272502576500604086 /* Debug */,
				A83105282502576500604086 /* Release */,
			);
			defaultConfigurationIsVisible = 0;
			defaultConfigurationName = Release;
		};
/* End XCConfigurationList section */
	};
	rootObject = A831050A2502576200604086 /* Project object */;
}
